
Microsoft Visual Studio Solution File, Format Version 12.00
# Visual Studio Version 17
VisualStudioVersion = 17.14.37216.2 d17.14
MinimumVisualStudioVersion = 10.0.40219.1
Project("{FAE04EC0-301F-11D3-BF4B-00C04F79EFBC}") = "ConsoleApp1", "ConsoleApp1.csproj", "{8DEFE703-0484-45EA-94BD-4009B2894D91}"
EndProject
Global
	GlobalSection(SolutionConfigurationPlatforms) = preSolution
		Debug|Any CPU = Debug|Any CPU
		Release|Any CPU = Release|Any CPU
	EndGlobalSection
	GlobalSection(ProjectConfigurationPlatforms) = postSolution
		{8DEFE703-0484-45EA-94BD-4009B2894D91}.Debug|Any CPU.ActiveCfg = Debug|Any CPU
		{8DEFE703-0484-45EA-94BD-4009B2894D91}.Debug|Any CPU.Build.0 = Debug|Any CPU
		{8DEFE703-0484-45EA-94BD-4009B2894D91}.Release|Any CPU.ActiveCfg = Release|Any CPU
		{8DEFE703-0484-45EA-94BD-4009B2894D91}.Release|Any CPU.Build.0 = Release|Any CPU
	EndGlobalSection
	GlobalSection(SolutionProperties) = preSolution
		HideSolutionNode = FALSE
	EndGlobalSection
	GlobalSection(ExtensibilityGlobals) = postSolution
		SolutionGuid = {120860C3-F280-4607-80FE-879C962C9516}
	EndGlobalSection
EndGlobal
